
Microsoft Visual Studio Solution File, Format Version 12.00
# Visual Studio Version 17
VisualStudioVersion = 17.2.32526.322
MinimumVisualStudioVersion = 10.0.40219.1
Project("{FAE04EC0-301F-11D3-BF4B-00C04F79EFBC}") = "wishlist", "wishlist\wishlist.csproj", "{E4F14312-6F4C-4B00-81D0-64C8FB914AAD}"
EndProject
Global
	GlobalSection(SolutionConfigurationPlatforms) = preSolution
		Debug|Any CPU = Debug|Any CPU
		Release|Any CPU = Release|Any CPU
	EndGlobalSection
	GlobalSection(ProjectConfigurationPlatforms) = postSolution
		{E4F14312-6F4C-4B00-81D0-64C8FB914AAD}.Debug|Any CPU.ActiveCfg = Debug|Any CPU
		{E4F14312-6F4C-4B00-81D0-64C8FB914AAD}.Debug|Any CPU.Build.0 = Debug|Any CPU
		{E4F14312-6F4C-4B00-81D0-64C8FB914AAD}.Release|Any CPU.ActiveCfg = Release|Any CPU
		{E4F14312-6F4C-4B00-81D0-64C8FB914AAD}.Release|Any CPU.Build.0 = Release|Any CPU
	EndGlobalSection
	GlobalSection(SolutionProperties) = preSolution
		HideSolutionNode = FALSE
	EndGlobalSection
	GlobalSection(ExtensibilityGlobals) = postSolution
		SolutionGuid = {98AA0031-5A8A-4688-B70A-CB69B1F3CE70}
	EndGlobalSection
EndGlobal
